Microsoft Visual Studio Solution File, Format Version 12.00
# Visual Studio Version 17
VisualStudioVersion = 17.5.2.0
MinimumVisualStudioVersion = 10.0.40219.1
Project("{2150E333-8FDC-42A3-9474-1A3956D46DE8}") = "Back", "Back", "{11BF4459-C332-B9BD-164A-F44681F2EC0B}"
EndProject
Project("{2150E333-8FDC-42A3-9474-1A3956D46DE8}") = "src", "src", "{3CAF00EF-EEE8-D88D-9D7E-C9F39A564E3B}"
EndProject

Project("{FAE04EC0-301F-11D3-BF4B-00C04F79EFBC}") = "ProEventos.Application", "ProEventos.Application\ProEventos.Application.csproj", "{445A4489-1A85-417F-B2CA-A69D2F5EC09F}"
EndProject
Project("{FAE04EC0-301F-11D3-BF4B-00C04F79EFBC}") = "ProEventos.Domain", "ProEventos.Domain\ProEventos.Domain.csproj", "{BD13605E-6C31-4C11-927B-CA1D5FAC86A8}"
EndProject
Project("{FAE04EC0-301F-11D3-BF4B-00C04F79EFBC}") = "ProEventos.API", "ProEventos.Api\ProEventos.API.csproj", "{5E9475F0-E5C9-4126-8C6D-EABBD324A7D1}"
EndProject
Project("{FAE04EC0-301F-11D3-BF4B-00C04F79EFBC}") = "ProEventos.Persistence", "ProEventos.Persistence\ProEventos.Persistence.csproj", "{3091251E-C007-4BF2-80C6-4CC69D14A810}"
EndProject
Global
	GlobalSection(SolutionConfigurationPlatforms) = preSolution
		Debug|Any CPU = Debug|Any CPU
		Release|Any CPU = Release|Any CPU
	EndGlobalSection
	GlobalSection(ProjectConfigurationPlatforms) = postSolution
		{445A4489-1A85-417F-B2CA-A69D2F5EC09F}.Debug|Any CPU.ActiveCfg = Debug|Any CPU
		{445A4489-1A85-417F-B2CA-A69D2F5EC09F}.Debug|Any CPU.Build.0 = Debug|Any CPU
		{445A4489-1A85-417F-B2CA-A69D2F5EC09F}.Release|Any CPU.ActiveCfg = Release|Any CPU
		{445A4489-1A85-417F-B2CA-A69D2F5EC09F}.Release|Any CPU.Build.0 = Release|Any CPU
		{BD13605E-6C31-4C11-927B-CA1D5FAC86A8}.Debug|Any CPU.ActiveCfg = Debug|Any CPU
		{BD13605E-6C31-4C11-927B-CA1D5FAC86A8}.Debug|Any CPU.Build.0 = Debug|Any CPU
		{BD13605E-6C31-4C11-927B-CA1D5FAC86A8}.Release|Any CPU.ActiveCfg = Release|Any CPU
		{BD13605E-6C31-4C11-927B-CA1D5FAC86A8}.Release|Any CPU.Build.0 = Release|Any CPU
		{5E9475F0-E5C9-4126-8C6D-EABBD324A7D1}.Debug|Any CPU.ActiveCfg = Debug|Any CPU
		{5E9475F0-E5C9-4126-8C6D-EABBD324A7D1}.Debug|Any CPU.Build.0 = Debug|Any CPU
		{5E9475F0-E5C9-4126-8C6D-EABBD324A7D1}.Release|Any CPU.ActiveCfg = Release|Any CPU
		{5E9475F0-E5C9-4126-8C6D-EABBD324A7D1}.Release|Any CPU.Build.0 = Release|Any CPU
		{3091251E-C007-4BF2-80C6-4CC69D14A810}.Debug|Any CPU.ActiveCfg = Debug|Any CPU
		{3091251E-C007-4BF2-80C6-4CC69D14A810}.Debug|Any CPU.Build.0 = Debug|Any CPU
		{3091251E-C007-4BF2-80C6-4CC69D14A810}.Release|Any CPU.ActiveCfg = Release|Any CPU
		{3091251E-C007-4BF2-80C6-4CC69D14A810}.Release|Any CPU.Build.0 = Release|Any CPU
	EndGlobalSection
	GlobalSection(SolutionProperties) = preSolution
		HideSolutionNode = FALSE
	EndGlobalSection
	GlobalSection(NestedProjects) = preSolution
		{3CAF00EF-EEE8-D88D-9D7E-C9F39A564E3B} = {11BF4459-C332-B9BD-164A-F44681F2EC0B}
	EndGlobalSection
	GlobalSection(ExtensibilityGlobals) = postSolution
		SolutionGuid = {40377FAF-F421-47DF-978D-CE0D59F193EC}
	EndGlobalSection
EndGlobal
